
Microsoft Visual Studio Solution File, Format Version 12.00
# Visual Studio Version 17
VisualStudioVersion = 17.3.32901.215
MinimumVisualStudioVersion = 10.0.40219.1
Project("{9A19103F-16F7-4668-BE54-9A1E7A4F7556}") = "Presentacion", "Presentacion\Presentacion.csproj", "{63E8A160-84A4-4036-8BEC-EA66699FE198}"
EndProject
Project("{9A19103F-16F7-4668-BE54-9A1E7A4F7556}") = "Datos", "Datos\Datos.csproj", "{E1EC012F-A476-46AD-9BA5-683ACD492DAA}"
EndProject
Project("{9A19103F-16F7-4668-BE54-9A1E7A4F7556}") = "Negocio", "Negocio\Negocio.csproj", "{9B396568-C90A-4975-AD1E-A9898312FD06}"
EndProject
Project("{FAE04EC0-301F-11D3-BF4B-00C04F79EFBC}") = "Entidades", "Entidades\Entidades.csproj", "{727F4037-D526-4210-AAD1-ECABF0714F0F}"
EndProject
Global
	GlobalSection(SolutionConfigurationPlatforms) = preSolution
		Debug|Any CPU = Debug|Any CPU
		Release|Any CPU = Release|Any CPU
	EndGlobalSection
	GlobalSection(ProjectConfigurationPlatforms) = postSolution
		{63E8A160-84A4-4036-8BEC-EA66699FE198}.Debug|Any CPU.ActiveCfg = Debug|Any CPU
		{63E8A160-84A4-4036-8BEC-EA66699FE198}.Debug|Any CPU.Build.0 = Debug|Any CPU
		{63E8A160-84A4-4036-8BEC-EA66699FE198}.Release|Any CPU.ActiveCfg = Release|Any CPU
		{63E8A160-84A4-4036-8BEC-EA66699FE198}.Release|Any CPU.Build.0 = Release|Any CPU
		{E1EC012F-A476-46AD-9BA5-683ACD492DAA}.Debug|Any CPU.ActiveCfg = Debug|Any CPU
		{E1EC012F-A476-46AD-9BA5-683ACD492DAA}.Debug|Any CPU.Build.0 = Debug|Any CPU
		{E1EC012F-A476-46AD-9BA5-683ACD492DAA}.Release|Any CPU.ActiveCfg = Release|Any CPU
		{E1EC012F-A476-46AD-9BA5-683ACD492DAA}.Release|Any CPU.Build.0 = Release|Any CPU
		{9B396568-C90A-4975-AD1E-A9898312FD06}.Debug|Any CPU.ActiveCfg = Debug|Any CPU
		{9B396568-C90A-4975-AD1E-A9898312FD06}.Debug|Any CPU.Build.0 = Debug|Any CPU
		{9B396568-C90A-4975-AD1E-A9898312FD06}.Release|Any CPU.ActiveCfg = Release|Any CPU
		{9B396568-C90A-4975-AD1E-A9898312FD06}.Release|Any CPU.Build.0 = Release|Any CPU
		{727F4037-D526-4210-AAD1-ECABF0714F0F}.Debug|Any CPU.ActiveCfg = Debug|Any CPU
		{727F4037-D526-4210-AAD1-ECABF0714F0F}.Debug|Any CPU.Build.0 = Debug|Any CPU
		{727F4037-D526-4210-AAD1-ECABF0714F0F}.Release|Any CPU.ActiveCfg = Release|Any CPU
		{727F4037-D526-4210-AAD1-ECABF0714F0F}.Release|Any CPU.Build.0 = Release|Any CPU
	EndGlobalSection
	GlobalSection(SolutionProperties) = preSolution
		HideSolutionNode = FALSE
	EndGlobalSection
	GlobalSection(ExtensibilityGlobals) = postSolution
		SolutionGuid = {3AFF0D00-74F4-429D-B271-71AAF8B9E461}
	EndGlobalSection
EndGlobal
